
Microsoft Visual Studio Solution File, Format Version 12.00
# Visual Studio Version 17
VisualStudioVersion = 17.4.33110.190
MinimumVisualStudioVersion = 10.0.40219.1
Project("{FAE04EC0-301F-11D3-BF4B-00C04F79EFBC}") = "API_PruebaLavado", "API_PruebaLavado\API_PruebaLavado.csproj", "{75A3C343-D45C-4847-893D-F0C4FC0C113B}"
EndProject
Global
	GlobalSection(SolutionConfigurationPlatforms) = preSolution
		Debug|Any CPU = Debug|Any CPU
		Release|Any CPU = Release|Any CPU
	EndGlobalSection
	GlobalSection(ProjectConfigurationPlatforms) = postSolution
		{75A3C343-D45C-4847-893D-F0C4FC0C113B}.Debug|Any CPU.ActiveCfg = Debug|Any CPU
		{75A3C343-D45C-4847-893D-F0C4FC0C113B}.Debug|Any CPU.Build.0 = Debug|Any CPU
		{75A3C343-D45C-4847-893D-F0C4FC0C113B}.Release|Any CPU.ActiveCfg = Release|Any CPU
		{75A3C343-D45C-4847-893D-F0C4FC0C113B}.Release|Any CPU.Build.0 = Release|Any CPU
	EndGlobalSection
	GlobalSection(SolutionProperties) = preSolution
		HideSolutionNode = FALSE
	EndGlobalSection
	GlobalSection(ExtensibilityGlobals) = postSolution
		SolutionGuid = {C23BF53C-A7A5-44AC-AACA-C322289A717A}
	EndGlobalSection
EndGlobal
